dependencies:
- name: redis
  repository: https://charts.bitnami.com/bitnami
  version: 22.0.7
- name: postgresql
  repository: https://charts.bitnami.com/bitnami
  version: 18.5.14
digest: sha256:da8ee27e1961066db98e4ef1c18f0b7425c0f6b12e88ce03c178d5f4f9767c34
generated: "2026-03-31T21:01:13.883608+05:30"
